
Microsoft Visual Studio Solution File, Format Version 12.00
# Visual Studio 14
VisualStudioVersion = 14.0.23107.0
MinimumVisualStudioVersion = 10.0.40219.1
Project("{FAE04EC0-301F-11D3-BF4B-00C04F79EFBC}") = "Strategy Pattern", "designPattern\Strategy Pattern.csproj", "{CD9506ED-9B7E-41FB-9EE9-03E9313DC7A8}"
EndProject
Project("{FAE04EC0-301F-11D3-BF4B-00C04F79EFBC}") = "Singleton", "Singleton\Singleton.csproj", "{AF6713F4-7CFF-4EB6-B1E7-C7B44749A3FE}"
EndProject
Project("{FAE04EC0-301F-11D3-BF4B-00C04F79EFBC}") = "StaticClass", "StaticClass\StaticClass.csproj", "{4B2DE54F-92E5-474E-8610-C58D6ABAB29E}"
EndProject
Project("{FAE04EC0-301F-11D3-BF4B-00C04F79EFBC}") = "BuilderPattern", "BuilderPattern\BuilderPattern.csproj", "{0D6C6206-EB55-472D-989D-82306CCDDC1F}"
EndProject
Project("{FAE04EC0-301F-11D3-BF4B-00C04F79EFBC}") = "PrototypePattern", "PrototypePattern\PrototypePattern.csproj", "{412DAD7A-8AD6-424E-B2A2-ACCDA663A013}"
EndProject
Project("{2150E333-8FDC-42A3-9474-1A3956D46DE8}") = "Design Patterns", "Design Patterns", "{B1190355-8A54-4AF0-963E-89313F737857}"
EndProject
Project("{FAE04EC0-301F-11D3-BF4B-00C04F79EFBC}") = "FactoryPattern", "FactoryPattern\FactoryPattern.csproj", "{892E61F3-156A-4969-BC13-338420B418BE}"
EndProject
Global
	GlobalSection(SolutionConfigurationPlatforms) = preSolution
		Debug|Any CPU = Debug|Any CPU
		Release|Any CPU = Release|Any CPU
	EndGlobalSection
	GlobalSection(ProjectConfigurationPlatforms) = postSolution
		{CD9506ED-9B7E-41FB-9EE9-03E9313DC7A8}.Debug|Any CPU.ActiveCfg = Debug|Any CPU
		{CD9506ED-9B7E-41FB-9EE9-03E9313DC7A8}.Debug|Any CPU.Build.0 = Debug|Any CPU
		{CD9506ED-9B7E-41FB-9EE9-03E9313DC7A8}.Release|Any CPU.ActiveCfg = Release|Any CPU
		{CD9506ED-9B7E-41FB-9EE9-03E9313DC7A8}.Release|Any CPU.Build.0 = Release|Any CPU
		{AF6713F4-7CFF-4EB6-B1E7-C7B44749A3FE}.Debug|Any CPU.ActiveCfg = Debug|Any CPU
		{AF6713F4-7CFF-4EB6-B1E7-C7B44749A3FE}.Debug|Any CPU.Build.0 = Debug|Any CPU
		{AF6713F4-7CFF-4EB6-B1E7-C7B44749A3FE}.Release|Any CPU.ActiveCfg = Release|Any CPU
		{AF6713F4-7CFF-4EB6-B1E7-C7B44749A3FE}.Release|Any CPU.Build.0 = Release|Any CPU
		{4B2DE54F-92E5-474E-8610-C58D6ABAB29E}.Debug|Any CPU.ActiveCfg = Debug|Any CPU
		{4B2DE54F-92E5-474E-8610-C58D6ABAB29E}.Debug|Any CPU.Build.0 = Debug|Any CPU
		{4B2DE54F-92E5-474E-8610-C58D6ABAB29E}.Release|Any CPU.ActiveCfg = Release|Any CPU
		{4B2DE54F-92E5-474E-8610-C58D6ABAB29E}.Release|Any CPU.Build.0 = Release|Any CPU
		{0D6C6206-EB55-472D-989D-82306CCDDC1F}.Debug|Any CPU.ActiveCfg = Debug|Any CPU
		{0D6C6206-EB55-472D-989D-82306CCDDC1F}.Debug|Any CPU.Build.0 = Debug|Any CPU
		{0D6C6206-EB55-472D-989D-82306CCDDC1F}.Release|Any CPU.ActiveCfg = Release|Any CPU
		{0D6C6206-EB55-472D-989D-82306CCDDC1F}.Release|Any CPU.Build.0 = Release|Any CPU
		{412DAD7A-8AD6-424E-B2A2-ACCDA663A013}.Debug|Any CPU.ActiveCfg = Debug|Any CPU
		{412DAD7A-8AD6-424E-B2A2-ACCDA663A013}.Debug|Any CPU.Build.0 = Debug|Any CPU
		{412DAD7A-8AD6-424E-B2A2-ACCDA663A013}.Release|Any CPU.ActiveCfg = Release|Any CPU
		{412DAD7A-8AD6-424E-B2A2-ACCDA663A013}.Release|Any CPU.Build.0 = Release|Any CPU
		{892E61F3-156A-4969-BC13-338420B418BE}.Debug|Any CPU.ActiveCfg = Debug|Any CPU
		{892E61F3-156A-4969-BC13-338420B418BE}.Debug|Any CPU.Build.0 = Debug|Any CPU
		{892E61F3-156A-4969-BC13-338420B418BE}.Release|Any CPU.ActiveCfg = Release|Any CPU
		{892E61F3-156A-4969-BC13-338420B418BE}.Release|Any CPU.Build.0 = Release|Any CPU
	EndGlobalSection
	GlobalSection(SolutionProperties) = preSolution
		HideSolutionNode = FALSE
	EndGlobalSection
	GlobalSection(NestedProjects) = preSolution
		{CD9506ED-9B7E-41FB-9EE9-03E9313DC7A8} = {B1190355-8A54-4AF0-963E-89313F737857}
		{AF6713F4-7CFF-4EB6-B1E7-C7B44749A3FE} = {B1190355-8A54-4AF0-963E-89313F737857}
		{4B2DE54F-92E5-474E-8610-C58D6ABAB29E} = {B1190355-8A54-4AF0-963E-89313F737857}
		{0D6C6206-EB55-472D-989D-82306CCDDC1F} = {B1190355-8A54-4AF0-963E-89313F737857}
		{412DAD7A-8AD6-424E-B2A2-ACCDA663A013} = {B1190355-8A54-4AF0-963E-89313F737857}
		{892E61F3-156A-4969-BC13-338420B418BE} = {B1190355-8A54-4AF0-963E-89313F737857}
	EndGlobalSection
EndGlobal
